// !$*UTF8*$!
{
	archiveVersion = 1;
	classes = {
	};
	objectVersion = 50;
	objects = {

/* Begin PBXBuildFile section */
		008BAEEDE17162612495C4FC /* Pods_GatewayForward.framework in Frameworks */ = {isa = PBXBuildFile; fileRef = 90A256D634D9880135B53FE3 /* Pods_GatewayForward.framework */; };
		731024F46A0A807668A60F7F /* Pods_GatewayForwardTests.framework in Frameworks */ = {isa = PBXBuildFile; fileRef = DE61D87B314B4C5742E47367 /* Pods_GatewayForwardTests.framework */; };
		A1AD721421731FD600FE9BA4 /* HomeViewController.swift in Sources */ = {isa = PBXBuildFile; fileRef = A1AD721321731FD600FE9BA4 /* HomeViewController.swift */; };
		A1AD72162173205600FE9BA4 /* TableViewCell.swift in Sources */ = {isa = PBXBuildFile; fileRef = A1AD72152173205600FE9BA4 /* TableViewCell.swift */; };
		A1AD72182173319F00FE9BA4 /* DetailViewController.swift in Sources */ = {isa = PBXBuildFile; fileRef = A1AD72172173319F00FE9BA4 /* DetailViewController.swift */; };
		A1AD721C217353BD00FE9BA4 /* SearchViewController.swift in Sources */ = {isa = PBXBuildFile; fileRef = A1AD721B217353BD00FE9BA4 /* SearchViewController.swift */; };
		A1D562FB21726BEC0025F930 /* GoogleService-Info.plist in Resources */ = {isa = PBXBuildFile; fileRef = A1D562FA21726BEC0025F930 /* GoogleService-Info.plist */; };
		A1D562FD217278CB0025F930 /* SignUp.swift in Sources */ = {isa = PBXBuildFile; fileRef = A1D562FC217278CB0025F930 /* SignUp.swift */; };
		BD21FC3E2171DF3B0002D488 /* AppDelegate.swift in Sources */ = {isa = PBXBuildFile; fileRef = BD21FC3D2171DF3B0002D488 /* AppDelegate.swift */; };
		BD21FC402171DF3B0002D488 /* ViewController.swift in Sources */ = {isa = PBXBuildFile; fileRef = BD21FC3F2171DF3B0002D488 /* ViewController.swift */; };
		BD21FC432171DF3B0002D488 /* Main.storyboard in Resources */ = {isa = PBXBuildFile; fileRef = BD21FC412171DF3B0002D488 /* Main.storyboard */; };
		BD21FC452171DF530002D488 /* Assets.xcassets in Resources */ = {isa = PBXBuildFile; fileRef = BD21FC442171DF530002D488 /* Assets.xcassets */; };
		BD21FC482171DF530002D488 /* LaunchScreen.storyboard in Resources */ = {isa = PBXBuildFile; fileRef = BD21FC462171DF530002D488 /* LaunchScreen.storyboard */; };
		BD21FC532171DF530002D488 /* GatewayForwardTests.swift in Sources */ = {isa = PBXBuildFile; fileRef = BD21FC522171DF530002D488 /* GatewayForwardTests.swift */; };
		BD21FC5E2171DF530002D488 /* GatewayForwardUITests.swift in Sources */ = {isa = PBXBuildFile; fileRef = BD21FC5D2171DF530002D488 /* GatewayForwardUITests.swift */; };
		BD21FC6C2171EB9F0002D488 /* LogInViewController.swift in Sources */ = {isa = PBXBuildFile; fileRef = BD21FC6B2171EB9F0002D488 /* LogInViewController.swift */; };
		CF58815B44A5B00DC23FAC51 /* Pods_GatewayForwardUITests.framework in Frameworks */ = {isa = PBXBuildFile; fileRef = 6B4EEA71E1391F0CB30AAE54 /* Pods_GatewayForwardUITests.framework */; };
/* End PBXBuildFile section */

/* Begin PBXContainerItemProxy section */
		BD21FC4F2171DF530002D488 /* PBXContainerItemProxy */ = {
			isa = PBXContainerItemProxy;
			containerPortal = BD21FC322171DF3B0002D488 /* Project object */;
			proxyType = 1;
			remoteGlobalIDString = BD21FC392171DF3B0002D488;
			remoteInfo = GatewayForward;
		};
		BD21FC5A2171DF530002D488 /* PBXContainerItemProxy */ = {
			isa = PBXContainerItemProxy;
			containerPortal = BD21FC322171DF3B0002D488 /* Project object */;
			proxyType = 1;
			remoteGlobalIDString = BD21FC392171DF3B0002D488;
			remoteInfo = GatewayForward;
		};
/* End PBXContainerItemProxy section */

/* Begin PBXFileReference section */
		3AB7EF8EC898A1B97EF42284 /* Pods-GatewayForwardUITests.release.xcconfig */ = {isa = PBXFileReference; includeInIndex = 1; lastKnownFileType = text.xcconfig; name = "Pods-GatewayForwardUITests.release.xcconfig"; path = "Pods/Target Support Files/Pods-GatewayForwardUITests/Pods-GatewayForwardUITests.release.xcconfig"; sourceTree = "<group>"; };
		663DA27F1D0B2E7C836F5D6F /* Pods-GatewayForward.release.xcconfig */ = {isa = PBXFileReference; includeInIndex = 1; lastKnownFileType = text.xcconfig; name = "Pods-GatewayForward.release.xcconfig"; path = "Pods/Target Support Files/Pods-GatewayForward/Pods-GatewayForward.release.xcconfig"; sourceTree = "<group>"; };
		6B4EEA71E1391F0CB30AAE54 /* Pods_GatewayForwardUITests.framework */ = {isa = PBXFileReference; explicitFileType = wrapper.framework; includeInIndex = 0; path = Pods_GatewayForwardUITests.framework; sourceTree = BUILT_PRODUCTS_DIR; };
		90A256D634D9880135B53FE3 /* Pods_GatewayForward.framework */ = {isa = PBXFileReference; explicitFileType = wrapper.framework; includeInIndex = 0; path = Pods_GatewayForward.framework; sourceTree = BUILT_PRODUCTS_DIR; };
		A1AD721321731FD600FE9BA4 /* HomeViewController.swift */ = {isa = PBXFileReference; lastKnownFileType = sourcecode.swift; path = HomeViewController.swift; sourceTree = "<group>"; };
		A1AD72152173205600FE9BA4 /* TableViewCell.swift */ = {isa = PBXFileReference; lastKnownFileType = sourcecode.swift; path = TableViewCell.swift; sourceTree = "<group>"; };
		A1AD72172173319F00FE9BA4 /* DetailViewController.swift */ = {isa = PBXFileReference; lastKnownFileType = sourcecode.swift; path = DetailViewController.swift; sourceTree = "<group>"; };
		A1AD721B217353BD00FE9BA4 /* SearchViewController.swift */ = {isa = PBXFileReference; lastKnownFileType = sourcecode.swift; path = SearchViewController.swift; sourceTree = "<group>"; };
		A1D562FA21726BEC0025F930 /* GoogleService-Info.plist */ = {isa = PBXFileReference; fileEncoding = 4; lastKnownFileType = text.plist.xml; path = "GoogleService-Info.plist"; sourceTree = "<group>"; };
		A1D562FC217278CB0025F930 /* SignUp.swift */ = {isa = PBXFileReference; lastKnownFileType = sourcecode.swift; path = SignUp.swift; sourceTree = "<group>"; };
		B54AD768424648C51FB088D5 /* Pods-GatewayForwardTests.release.xcconfig */ = {isa = PBXFileReference; includeInIndex = 1; lastKnownFileType = text.xcconfig; name = "Pods-GatewayForwardTests.release.xcconfig"; path = "Pods/Target Support Files/Pods-GatewayForwardTests/Pods-GatewayForwardTests.release.xcconfig"; sourceTree = "<group>"; };
		BD21FC3A2171DF3B0002D488 /* GatewayForward.app */ = {isa = PBXFileReference; explicitFileType = wrapper.application; includeInIndex = 0; path = GatewayForward.app; sourceTree = BUILT_PRODUCTS_DIR; };
		BD21FC3D2171DF3B0002D488 /* AppDelegate.swift */ = {isa = PBXFileReference; lastKnownFileType = sourcecode.swift; path = AppDelegate.swift; sourceTree = "<group>"; };
		BD21FC3F2171DF3B0002D488 /* ViewController.swift */ = {isa = PBXFileReference; lastKnownFileType = sourcecode.swift; path = ViewController.swift; sourceTree = "<group>"; };
		BD21FC422171DF3B0002D488 /* Base */ = {isa = PBXFileReference; lastKnownFileType = file.storyboard; name = Base; path = Base.lproj/Main.storyboard; sourceTree = "<group>"; };
		BD21FC442171DF530002D488 /* Assets.xcassets */ = {isa = PBXFileReference; lastKnownFileType = folder.assetcatalog; path = Assets.xcassets; sourceTree = "<group>"; };
		BD21FC472171DF530002D488 /* Base */ = {isa = PBXFileReference; lastKnownFileType = file.storyboard; name = Base; path = Base.lproj/LaunchScreen.storyboard; sourceTree = "<group>"; };
		BD21FC492171DF530002D488 /* Info.plist */ = {isa = PBXFileReference; lastKnownFileType = text.plist.xml; path = Info.plist; sourceTree = "<group>"; };
		BD21FC4E2171DF530002D488 /* GatewayForwardTests.xctest */ = {isa = PBXFileReference; explicitFileType = wrapper.cfbundle; includeInIndex = 0; path = GatewayForwardTests.xctest; sourceTree = BUILT_PRODUCTS_DIR; };
		BD21FC522171DF530002D488 /* GatewayForwardTests.swift */ = {isa = PBXFileReference; lastKnownFileType = sourcecode.swift; path = GatewayForwardTests.swift; sourceTree = "<group>"; };
		BD21FC542171DF530002D488 /* Info.plist */ = {isa = PBXFileReference; lastKnownFileType = text.plist.xml; path = Info.plist; sourceTree = "<group>"; };
		BD21FC592171DF530002D488 /* GatewayForwardUITests.xctest */ = {isa = PBXFileReference; explicitFileType = wrapper.cfbundle; includeInIndex = 0; path = GatewayForwardUITests.xctest; sourceTree = BUILT_PRODUCTS_DIR; };
		BD21FC5D2171DF530002D488 /* GatewayForwardUITests.swift */ = {isa = PBXFileReference; lastKnownFileType = sourcecode.swift; path = GatewayForwardUITests.swift; sourceTree = "<group>"; };
		BD21FC5F2171DF530002D488 /* Info.plist */ = {isa = PBXFileReference; lastKnownFileType = text.plist.xml; path = Info.plist; sourceTree = "<group>"; };
		BD21FC6B2171EB9F0002D488 /* LogInViewController.swift */ = {isa = PBXFileReference; lastKnownFileType = sourcecode.swift; path = LogInViewController.swift; sourceTree = "<group>"; };
		C8691D3E98F66666D05D2049 /* Pods-GatewayForward.debug.xcconfig */ = {isa = PBXFileReference; includeInIndex = 1; lastKnownFileType = text.xcconfig; name = "Pods-GatewayForward.debug.xcconfig"; path = "Pods/Target Support Files/Pods-GatewayForward/Pods-GatewayForward.debug.xcconfig"; sourceTree = "<group>"; };
		DE61D87B314B4C5742E47367 /* Pods_GatewayForwardTests.framework */ = {isa = PBXFileReference; explicitFileType = wrapper.framework; includeInIndex = 0; path = Pods_GatewayForwardTests.framework; sourceTree = BUILT_PRODUCTS_DIR; };
		E94DCEACD3408CA046C58D6D /* Pods-GatewayForwardTests.debug.xcconfig */ = {isa = PBXFileReference; includeInIndex = 1; lastKnownFileType = text.xcconfig; name = "Pods-GatewayForwardTests.debug.xcconfig"; path = "Pods/Target Support Files/Pods-GatewayForwardTests/Pods-GatewayForwardTests.debug.xcconfig"; sourceTree = "<group>"; };
		EF08EFF0230B964A07E71ED5 /* Pods-GatewayForwardUITests.debug.xcconfig */ = {isa = PBXFileReference; includeInIndex = 1; lastKnownFileType = text.xcconfig; name = "Pods-GatewayForwardUITests.debug.xcconfig"; path = "Pods/Target Support Files/Pods-GatewayForwardUITests/Pods-GatewayForwardUITests.debug.xcconfig"; sourceTree = "<group>"; };
/* End PBXFileReference section */

/* Begin PBXFrameworksBuildPhase section */
		BD21FC372171DF3B0002D488 /* Frameworks */ = {
			isa = PBXFrameworksBuildPhase;
			buildActionMask = 2147483647;
			files = (
				008BAEEDE17162612495C4FC /* Pods_GatewayForward.framework in Frameworks */,
			);
			runOnlyForDeploymentPostprocessing = 0;
		};
		BD21FC4B2171DF530002D488 /* Frameworks */ = {
			isa = PBXFrameworksBuildPhase;
			buildActionMask = 2147483647;
			files = (
				731024F46A0A807668A60F7F /* Pods_GatewayForwardTests.framework in Frameworks */,
			);
			runOnlyForDeploymentPostprocessing = 0;
		};
		BD21FC562171DF530002D488 /* Frameworks */ = {
			isa = PBXFrameworksBuildPhase;
			buildActionMask = 2147483647;
			files = (
				CF58815B44A5B00DC23FAC51 /* Pods_GatewayForwardUITests.framework in Frameworks */,
			);
			runOnlyForDeploymentPostprocessing = 0;
		};
/* End PBXFrameworksBuildPhase section */

/* Begin PBXGroup section */
		4572785CB26ACFAA770E1C2D /* Frameworks */ = {
			isa = PBXGroup;
			children = (
				90A256D634D9880135B53FE3 /* Pods_GatewayForward.framework */,
				DE61D87B314B4C5742E47367 /* Pods_GatewayForwardTests.framework */,
				6B4EEA71E1391F0CB30AAE54 /* Pods_GatewayForwardUITests.framework */,
			);
			name = Frameworks;
			sourceTree = "<group>";
		};
		5430E07C5ED28EE002E92317 /* Pods */ = {
			isa = PBXGroup;
			children = (
				C8691D3E98F66666D05D2049 /* Pods-GatewayForward.debug.xcconfig */,
				663DA27F1D0B2E7C836F5D6F /* Pods-GatewayForward.release.xcconfig */,
				E94DCEACD3408CA046C58D6D /* Pods-GatewayForwardTests.debug.xcconfig */,
				B54AD768424648C51FB088D5 /* Pods-GatewayForwardTests.release.xcconfig */,
				EF08EFF0230B964A07E71ED5 /* Pods-GatewayForwardUITests.debug.xcconfig */,
				3AB7EF8EC898A1B97EF42284 /* Pods-GatewayForwardUITests.release.xcconfig */,
			);
			name = Pods;
			sourceTree = "<group>";
		};
		BD21FC312171DF3B0002D488 = {
			isa = PBXGroup;
			children = (
				BD21FC3C2171DF3B0002D488 /* GatewayForward */,
				BD21FC512171DF530002D488 /* GatewayForwardTests */,
				BD21FC5C2171DF530002D488 /* GatewayForwardUITests */,
				BD21FC3B2171DF3B0002D488 /* Products */,
				5430E07C5ED28EE002E92317 /* Pods */,
				4572785CB26ACFAA770E1C2D /* Frameworks */,
			);
			sourceTree = "<group>";
		};
		BD21FC3B2171DF3B0002D488 /* Products */ = {
			isa = PBXGroup;
			children = (
				BD21FC3A2171DF3B0002D488 /* GatewayForward.app */,
				BD21FC4E2171DF530002D488 /* GatewayForwardTests.xctest */,
				BD21FC592171DF530002D488 /* GatewayForwardUITests.xctest */,
			);
			name = Products;
			sourceTree = "<group>";
		};
		BD21FC3C2171DF3B0002D488 /* GatewayForward */ = {
			isa = PBXGroup;
			children = (
				BD21FC3D2171DF3B0002D488 /* AppDelegate.swift */,
				BD21FC3F2171DF3B0002D488 /* ViewController.swift */,
				BD21FC412171DF3B0002D488 /* Main.storyboard */,
				A1AD721B217353BD00FE9BA4 /* SearchViewController.swift */,
				A1D562FC217278CB0025F930 /* SignUp.swift */,
				BD21FC6B2171EB9F0002D488 /* LogInViewController.swift */,
				BD21FC442171DF530002D488 /* Assets.xcassets */,
				BD21FC462171DF530002D488 /* LaunchScreen.storyboard */,
				BD21FC492171DF530002D488 /* Info.plist */,
				A1D562FA21726BEC0025F930 /* GoogleService-Info.plist */,
				A1AD72152173205600FE9BA4 /* TableViewCell.swift */,
				A1AD721321731FD600FE9BA4 /* HomeViewController.swift */,
				A1AD72172173319F00FE9BA4 /* DetailViewController.swift */,
			);
			path = GatewayForward;
			sourceTree = "<group>";
		};
		BD21FC512171DF530002D488 /* GatewayForwardTests */ = {
			isa = PBXGroup;
			children = (
				BD21FC522171DF530002D488 /* GatewayForwardTests.swift */,
				BD21FC542171DF530002D488 /* Info.plist */,
			);
			path = GatewayForwardTests;
			sourceTree = "<group>";
		};
		BD21FC5C2171DF530002D488 /* GatewayForwardUITests */ = {
			isa = PBXGroup;
			children = (
				BD21FC5D2171DF530002D488 /* GatewayForwardUITests.swift */,
				BD21FC5F2171DF530002D488 /* Info.plist */,
			);
			path = GatewayForwardUITests;
			sourceTree = "<group>";
		};
/* End PBXGroup section */

/* Begin PBXNativeTarget section */
		BD21FC392171DF3B0002D488 /* GatewayForward */ = {
			isa = PBXNativeTarget;
			buildConfigurationList = BD21FC622171DF530002D488 /* Build configuration list for PBXNativeTarget "GatewayForward" */;
			buildPhases = (
				28A45687213FA43A143D7003 /* [CP] Check Pods Manifest.lock */,
				BD21FC362171DF3B0002D488 /* Sources */,
				BD21FC372171DF3B0002D488 /* Frameworks */,
				BD21FC382171DF3B0002D488 /* Resources */,
				CEB2C0D2BA336325CFA04030 /* [CP] Embed Pods Frameworks */,
			);
			buildRules = (
			);
			dependencies = (
			);
			name = GatewayForward;
			productName = GatewayForward;
			productReference = BD21FC3A2171DF3B0002D488 /* GatewayForward.app */;
			productType = "com.apple.product-type.application";
		};
		BD21FC4D2171DF530002D488 /* GatewayForwardTests */ = {
			isa = PBXNativeTarget;
			buildConfigurationList = BD21FC652171DF530002D488 /* Build configuration list for PBXNativeTarget "GatewayForwardTests" */;
			buildPhases = (
				1F271DA9FD18D745971E8554 /* [CP] Check Pods Manifest.lock */,
				BD21FC4A2171DF530002D488 /* Sources */,
				BD21FC4B2171DF530002D488 /* Frameworks */,
				BD21FC4C2171DF530002D488 /* Resources */,
			);
			buildRules = (
			);
			dependencies = (
				BD21FC502171DF530002D488 /* PBXTargetDependency */,
			);
			name = GatewayForwardTests;
			productName = GatewayForwardTests;
			productReference = BD21FC4E2171DF530002D488 /* GatewayForwardTests.xctest */;
			productType = "com.apple.product-type.bundle.unit-test";
		};
		BD21FC582171DF530002D488 /* GatewayForwardUITests */ = {
			isa = PBXNativeTarget;
			buildConfigurationList = BD21FC682171DF530002D488 /* Build configuration list for PBXNativeTarget "GatewayForwardUITests" */;
			buildPhases = (
				7C90CBB4EC5A31B91DD41666 /* [CP] Check Pods Manifest.lock */,
				BD21FC552171DF530002D488 /* Sources */,
				BD21FC562171DF530002D488 /* Frameworks */,
				BD21FC572171DF530002D488 /* Resources */,
			);
			buildRules = (
			);
			dependencies = (
				BD21FC5B2171DF530002D488 /* PBXTargetDependency */,
			);
			name = GatewayForwardUITests;
			productName = GatewayForwardUITests;
			productReference = BD21FC592171DF530002D488 /* GatewayForwardUITests.xctest */;
			productType = "com.apple.product-type.bundle.ui-testing";
		};
/* End PBXNativeTarget section */

/* Begin PBXProject section */
		BD21FC322171DF3B0002D488 /* Project object */ = {
			isa = PBXProject;
			attributes = {
				LastSwiftUpdateCheck = 0940;
				LastUpgradeCheck = 0940;
				ORGANIZATIONNAME = "Pyi Theim Kyaw";
				TargetAttributes = {
					BD21FC392171DF3B0002D488 = {
						CreatedOnToolsVersion = 9.4;
						LastSwiftMigration = 1000;
					};
					BD21FC4D2171DF530002D488 = {
						CreatedOnToolsVersion = 9.4;
						LastSwiftMigration = 1000;
						TestTargetID = BD21FC392171DF3B0002D488;
					};
					BD21FC582171DF530002D488 = {
						CreatedOnToolsVersion = 9.4;
						LastSwiftMigration = 1000;
						TestTargetID = BD21FC392171DF3B0002D488;
					};
				};
			};
			buildConfigurationList = BD21FC352171DF3B0002D488 /* Build configuration list for PBXProject "GatewayForward" */;
			compatibilityVersion = "Xcode 9.3";
			developmentRegion = en;
			hasScannedForEncodings = 0;
			knownRegions = (
				en,
				Base,
			);
			mainGroup = BD21FC312171DF3B0002D488;
			productRefGroup = BD21FC3B2171DF3B0002D488 /* Products */;
			projectDirPath = "";
			projectRoot = "";
			targets = (
				BD21FC392171DF3B0002D488 /* GatewayForward */,
				BD21FC4D2171DF530002D488 /* GatewayForwardTests */,
				BD21FC582171DF530002D488 /* GatewayForwardUITests */,
			);
		};
/* End PBXProject section */

/* Begin PBXResourcesBuildPhase section */
		BD21FC382171DF3B0002D488 /* Resources */ = {
			isa = PBXResourcesBuildPhase;
			buildActionMask = 2147483647;
			files = (
				BD21FC482171DF530002D488 /* LaunchScreen.storyboard in Resources */,
				A1D562FB21726BEC0025F930 /* GoogleService-Info.plist in Resources */,
				BD21FC452171DF530002D488 /* Assets.xcassets in Resources */,
				BD21FC432171DF3B0002D488 /* Main.storyboard in Resources */,
			);
			runOnlyForDeploymentPostprocessing = 0;
		};
		BD21FC4C2171DF530002D488 /* Resources */ = {
			isa = PBXResourcesBuildPhase;
			buildActionMask = 2147483647;
			files = (
			);
			runOnlyForDeploymentPostprocessing = 0;
		};
		BD21FC572171DF530002D488 /* Resources */ = {
			isa = PBXResourcesBuildPhase;
			buildActionMask = 2147483647;
			files = (
			);
			runOnlyForDeploymentPostprocessing = 0;
		};
/* End PBXResourcesBuildPhase section */

/* Begin PBXShellScriptBuildPhase section */
		1F271DA9FD18D745971E8554 /* [CP] Check Pods Manifest.lock */ = {
			isa = PBXShellScriptBuildPhase;
			buildActionMask = 2147483647;
			files = (
			);
			inputFileListPaths = (
			);
			inputPaths = (
				"${PODS_PODFILE_DIR_PATH}/Podfile.lock",
				"${PODS_ROOT}/Manifest.lock",
			);
			name = "[CP] Check Pods Manifest.lock";
			outputFileListPaths = (
			);
			outputPaths = (
				"$(DERIVED_FILE_DIR)/Pods-GatewayForwardTests-checkManifestLockResult.txt",
			);
			runOnlyForDeploymentPostprocessing = 0;
			shellPath = /bin/sh;
			shellScript = "diff \"${PODS_PODFILE_DIR_PATH}/Podfile.lock\" \"${PODS_ROOT}/Manifest.lock\" > /dev/null\nif [ $? != 0 ] ; then\n    # print error to STDERR\n    echo \"error: The sandbox is not in sync with the Podfile.lock. Run 'pod install' or update your CocoaPods installation.\" >&2\n    exit 1\nfi\n# This output is used by Xcode 'outputs' to avoid re-running this script phase.\necho \"SUCCESS\" > \"${SCRIPT_OUTPUT_FILE_0}\"\n";
			showEnvVarsInLog = 0;
		};
		28A45687213FA43A143D7003 /* [CP] Check Pods Manifest.lock */ = {
			isa = PBXShellScriptBuildPhase;
			buildActionMask = 2147483647;
			files = (
			);
			inputFileListPaths = (
			);
			inputPaths = (
				"${PODS_PODFILE_DIR_PATH}/Podfile.lock",
				"${PODS_ROOT}/Manifest.lock",
			);
			name = "[CP] Check Pods Manifest.lock";
			outputFileListPaths = (
			);
			outputPaths = (
				"$(DERIVED_FILE_DIR)/Pods-GatewayForward-checkManifestLockResult.txt",
			);
			runOnlyForDeploymentPostprocessing = 0;
			shellPath = /bin/sh;
			shellScript = "diff \"${PODS_PODFILE_DIR_PATH}/Podfile.lock\" \"${PODS_ROOT}/Manifest.lock\" > /dev/null\nif [ $? != 0 ] ; then\n    # print error to STDERR\n    echo \"error: The sandbox is not in sync with the Podfile.lock. Run 'pod install' or update your CocoaPods installation.\" >&2\n    exit 1\nfi\n# This output is used by Xcode 'outputs' to avoid re-running this script phase.\necho \"SUCCESS\" > \"${SCRIPT_OUTPUT_FILE_0}\"\n";
			showEnvVarsInLog = 0;
		};
		7C90CBB4EC5A31B91DD41666 /* [CP] Check Pods Manifest.lock */ = {
			isa = PBXShellScriptBuildPhase;
			buildActionMask = 2147483647;
			files = (
			);
			inputFileListPaths = (
			);
			inputPaths = (
				"${PODS_PODFILE_DIR_PATH}/Podfile.lock",
				"${PODS_ROOT}/Manifest.lock",
			);
			name = "[CP] Check Pods Manifest.lock";
			outputFileListPaths = (
			);
			outputPaths = (
				"$(DERIVED_FILE_DIR)/Pods-GatewayForwardUITests-checkManifestLockResult.txt",
			);
			runOnlyForDeploymentPostprocessing = 0;
			shellPath = /bin/sh;
			shellScript = "diff \"${PODS_PODFILE_DIR_PATH}/Podfile.lock\" \"${PODS_ROOT}/Manifest.lock\" > /dev/null\nif [ $? != 0 ] ; then\n    # print error to STDERR\n    echo \"error: The sandbox is not in sync with the Podfile.lock. Run 'pod install' or update your CocoaPods installation.\" >&2\n    exit 1\nfi\n# This output is used by Xcode 'outputs' to avoid re-running this script phase.\necho \"SUCCESS\" > \"${SCRIPT_OUTPUT_FILE_0}\"\n";
			showEnvVarsInLog = 0;
		};
		CEB2C0D2BA336325CFA04030 /* [CP] Embed Pods Frameworks */ = {
			isa = PBXShellScriptBuildPhase;
			buildActionMask = 2147483647;
			files = (
			);
			inputFileListPaths = (
			);
			inputPaths = (
				"${SRCROOT}/Pods/Target Support Files/Pods-GatewayForward/Pods-GatewayForward-frameworks.sh",
				"${BUILT_PRODUCTS_DIR}/GTMSessionFetcher/GTMSessionFetcher.framework",
				"${BUILT_PRODUCTS_DIR}/GoogleUtilities/GoogleUtilities.framework",
				"${BUILT_PRODUCTS_DIR}/leveldb-library/leveldb.framework",
				"${BUILT_PRODUCTS_DIR}/nanopb/nanopb.framework",
			);
			name = "[CP] Embed Pods Frameworks";
			outputFileListPaths = (
			);
			outputPaths = (
				"${TARGET_BUILD_DIR}/${FRAMEWORKS_FOLDER_PATH}/GTMSessionFetcher.framework",
				"${TARGET_BUILD_DIR}/${FRAMEWORKS_FOLDER_PATH}/GoogleUtilities.framework",
				"${TARGET_BUILD_DIR}/${FRAMEWORKS_FOLDER_PATH}/leveldb.framework",
				"${TARGET_BUILD_DIR}/${FRAMEWORKS_FOLDER_PATH}/nanopb.framework",
			);
			runOnlyForDeploymentPostprocessing = 0;
			shellPath = /bin/sh;
			shellScript = "\"${SRCROOT}/Pods/Target Support Files/Pods-GatewayForward/Pods-GatewayForward-frameworks.sh\"\n";
			showEnvVarsInLog = 0;
		};
/* End PBXShellScriptBuildPhase section */

/* Begin PBXSourcesBuildPhase section */
		BD21FC362171DF3B0002D488 /* Sources */ = {
			isa = PBXSourcesBuildPhase;
			buildActionMask = 2147483647;
			files = (
				A1AD721421731FD600FE9BA4 /* HomeViewController.swift in Sources */,
				BD21FC402171DF3B0002D488 /* ViewController.swift in Sources */,
				A1AD721C217353BD00FE9BA4 /* SearchViewController.swift in Sources */,
				A1D562FD217278CB0025F930 /* SignUp.swift in Sources */,
				A1AD72162173205600FE9BA4 /* TableViewCell.swift in Sources */,
				BD21FC3E2171DF3B0002D488 /* AppDelegate.swift in Sources */,
				BD21FC6C2171EB9F0002D488 /* LogInViewController.swift in Sources */,
				A1AD72182173319F00FE9BA4 /* DetailViewController.swift in Sources */,
			);
			runOnlyForDeploymentPostprocessing = 0;
		};
		BD21FC4A2171DF530002D488 /* Sources */ = {
			isa = PBXSourcesBuildPhase;
			buildActionMask = 2147483647;
			files = (
				BD21FC532171DF530002D488 /* GatewayForwardTests.swift in Sources */,
			);
			runOnlyForDeploymentPostprocessing = 0;
		};
		BD21FC552171DF530002D488 /* Sources */ = {
			isa = PBXSourcesBuildPhase;
			buildActionMask = 2147483647;
			files = (
				BD21FC5E2171DF530002D488 /* GatewayForwardUITests.swift in Sources */,
			);
			runOnlyForDeploymentPostprocessing = 0;
		};
/* End PBXSourcesBuildPhase section */

/* Begin PBXTargetDependency section */
		BD21FC502171DF530002D488 /* PBXTargetDependency */ = {
			isa = PBXTargetDependency;
			target = BD21FC392171DF3B0002D488 /* GatewayForward */;
			targetProxy = BD21FC4F2171DF530002D488 /* PBXContainerItemProxy */;
		};
		BD21FC5B2171DF530002D488 /* PBXTargetDependency */ = {
			isa = PBXTargetDependency;
			target = BD21FC392171DF3B0002D488 /* GatewayForward */;
			targetProxy = BD21FC5A2171DF530002D488 /* PBXContainerItemProxy */;
		};
/* End PBXTargetDependency section */

/* Begin PBXVariantGroup section */
		BD21FC412171DF3B0002D488 /* Main.storyboard */ = {
			isa = PBXVariantGroup;
			children = (
				BD21FC422171DF3B0002D488 /* Base */,
			);
			name = Main.storyboard;
			sourceTree = "<group>";
		};
		BD21FC462171DF530002D488 /* LaunchScreen.storyboard */ = {
			isa = PBXVariantGroup;
			children = (
				BD21FC472171DF530002D488 /* Base */,
			);
			name = LaunchScreen.storyboard;
			sourceTree = "<group>";
		};
/* End PBXVariantGroup section */

/* Begin XCBuildConfiguration section */
		BD21FC602171DF530002D488 /* Debug */ = {
			isa = XCBuildConfiguration;
			buildSettings = {
				ALWAYS_SEARCH_USER_PATHS = NO;
				CLANG_ANALYZER_NONNULL = YES;
				CLANG_ANALYZER_NUMBER_OBJECT_CONVERSION = YES_AGGRESSIVE;
				CLANG_CXX_LANGUAGE_STANDARD = "gnu++14";
				CLANG_CXX_LIBRARY = "libc++";
				CLANG_ENABLE_MODULES = YES;
				CLANG_ENABLE_OBJC_ARC = YES;
				CLANG_ENABLE_OBJC_WEAK = YES;
				CLANG_WARN_BLOCK_CAPTURE_AUTORELEASING = YES;
				CLANG_WARN_BOOL_CONVERSION = YES;
				CLANG_WARN_COMMA = YES;
				CLANG_WARN_CONSTANT_CONVERSION = YES;
				CLANG_WARN_DEPRECATED_OBJC_IMPLEMENTATIONS = YES;
				CLANG_WARN_DIRECT_OBJC_ISA_USAGE = YES_ERROR;
				CLANG_WARN_DOCUMENTATION_COMMENTS = YES;
				CLANG_WARN_EMPTY_BODY = YES;
				CLANG_WARN_ENUM_CONVERSION = YES;
				CLANG_WARN_INFINITE_RECURSION = YES;
				CLANG_WARN_INT_CONVERSION = YES;
				CLANG_WARN_NON_LITERAL_NULL_CONVERSION = YES;
				CLANG_WARN_OBJC_IMPLICIT_RETAIN_SELF = YES;
				CLANG_WARN_OBJC_LITERAL_CONVERSION = YES;
				CLANG_WARN_OBJC_ROOT_CLASS = YES_ERROR;
				CLANG_WARN_RANGE_LOOP_ANALYSIS = YES;
				CLANG_WARN_STRICT_PROTOTYPES = YES;
				CLANG_WARN_SUSPICIOUS_MOVE = YES;
				CLANG_WARN_UNGUARDED_AVAILABILITY = YES_AGGRESSIVE;
				CLANG_WARN_UNREACHABLE_CODE = YES;
				CLANG_WARN__DUPLICATE_METHOD_MATCH = YES;
				CODE_SIGN_IDENTITY = "iPhone Developer";
				COPY_PHASE_STRIP = NO;
				DEBUG_INFORMATION_FORMAT = dwarf;
				ENABLE_STRICT_OBJC_MSGSEND = YES;
				ENABLE_TESTABILITY = YES;
				GCC_C_LANGUAGE_STANDARD = gnu11;
				GCC_DYNAMIC_NO_PIC = NO;
				GCC_NO_COMMON_BLOCKS = YES;
				GCC_OPTIMIZATION_LEVEL = 0;
				GCC_PREPROCESSOR_DEFINITIONS = (
					"DEBUG=1",
					"$(inherited)",
				);
				GCC_WARN_64_TO_32_BIT_CONVERSION = YES;
				GCC_WARN_ABOUT_RETURN_TYPE = YES_ERROR;
				GCC_WARN_UNDECLARED_SELECTOR = YES;
				GCC_WARN_UNINITIALIZED_AUTOS = YES_AGGRESSIVE;
				GCC_WARN_UNUSED_FUNCTION = YES;
				GCC_WARN_UNUSED_VARIABLE = YES;
				IPHONEOS_DEPLOYMENT_TARGET = 11.4;
				MTL_ENABLE_DEBUG_INFO = YES;
				ONLY_ACTIVE_ARCH = YES;
				SDKROOT = iphoneos;
				SWIFT_ACTIVE_COMPILATION_CONDITIONS = DEBUG;
				SWIFT_OPTIMIZATION_LEVEL = "-Onone";
			};
			name = Debug;
		};
		BD21FC612171DF530002D488 /* Release */ = {
			isa = XCBuildConfiguration;
			buildSettings = {
				ALWAYS_SEARCH_USER_PATHS = NO;
				CLANG_ANALYZER_NONNULL = YES;
				CLANG_ANALYZER_NUMBER_OBJECT_CONVERSION = YES_AGGRESSIVE;
				CLANG_CXX_LANGUAGE_STANDARD = "gnu++14";
				CLANG_CXX_LIBRARY = "libc++";
				CLANG_ENABLE_MODULES = YES;
				CLANG_ENABLE_OBJC_ARC = YES;
				CLANG_ENABLE_OBJC_WEAK = YES;
				CLANG_WARN_BLOCK_CAPTURE_AUTORELEASING = YES;
				CLANG_WARN_BOOL_CONVERSION = YES;
				CLANG_WARN_COMMA = YES;
				CLANG_WARN_CONSTANT_CONVERSION = YES;
				CLANG_WARN_DEPRECATED_OBJC_IMPLEMENTATIONS = YES;
				CLANG_WARN_DIRECT_OBJC_ISA_USAGE = YES_ERROR;
				CLANG_WARN_DOCUMENTATION_COMMENTS = YES;
				CLANG_WARN_EMPTY_BODY = YES;
				CLANG_WARN_ENUM_CONVERSION = YES;
				CLANG_WARN_INFINITE_RECURSION = YES;
				CLANG_WARN_INT_CONVERSION = YES;
				CLANG_WARN_NON_LITERAL_NULL_CONVERSION = YES;
				CLANG_WARN_OBJC_IMPLICIT_RETAIN_SELF = YES;
				CLANG_WARN_OBJC_LITERAL_CONVERSION = YES;
				CLANG_WARN_OBJC_ROOT_CLASS = YES_ERROR;
				CLANG_WARN_RANGE_LOOP_ANALYSIS = YES;
				CLANG_WARN_STRICT_PROTOTYPES = YES;
				CLANG_WARN_SUSPICIOUS_MOVE = YES;
				CLANG_WARN_UNGUARDED_AVAILABILITY = YES_AGGRESSIVE;
				CLANG_WARN_UNREACHABLE_CODE = YES;
				CLANG_WARN__DUPLICATE_METHOD_MATCH = YES;
				CODE_SIGN_IDENTITY = "iPhone Developer";
				COPY_PHASE_STRIP = NO;
				DEBUG_INFORMATION_FORMAT = "dwarf-with-dsym";
				ENABLE_NS_ASSERTIONS = NO;
				ENABLE_STRICT_OBJC_MSGSEND = YES;
				GCC_C_LANGUAGE_STANDARD = gnu11;
				GCC_NO_COMMON_BLOCKS = YES;
				GCC_WARN_64_TO_32_BIT_CONVERSION = YES;
				GCC_WARN_ABOUT_RETURN_TYPE = YES_ERROR;
				GCC_WARN_UNDECLARED_SELECTOR = YES;
				GCC_WARN_UNINITIALIZED_AUTOS = YES_AGGRESSIVE;
				GCC_WARN_UNUSED_FUNCTION = YES;
				GCC_WARN_UNUSED_VARIABLE = YES;
				IPHONEOS_DEPLOYMENT_TARGET = 11.4;
				MTL_ENABLE_DEBUG_INFO = NO;
				SDKROOT = iphoneos;
				SWIFT_COMPILATION_MODE = wholemodule;
				SWIFT_OPTIMIZATION_LEVEL = "-O";
				VALIDATE_PRODUCT = YES;
			};
			name = Release;
		};
		BD21FC632171DF530002D488 /* Debug */ = {
			isa = XCBuildConfiguration;
			baseConfigurationReference = C8691D3E98F66666D05D2049 /* Pods-GatewayForward.debug.xcconfig */;
			buildSettings = {
				ASSETCATALOG_COMPILER_APPICON_NAME = AppIcon;
				CODE_SIGN_STYLE = Automatic;
				DEVELOPMENT_TEAM = ZDW74SHABR;
				INFOPLIST_FILE = GatewayForward/Info.plist;
				LD_RUNPATH_SEARCH_PATHS = (
					"$(inherited)",
					"@executable_path/Frameworks",
				);
				PRODUCT_BUNDLE_IDENTIFIER = com.wustl.GatewayForward;
				PRODUCT_NAME = "$(TARGET_NAME)";
				SWIFT_VERSION = 4.2;
				TARGETED_DEVICE_FAMILY = "1,2";
			};
			name = Debug;
		};
		BD21FC642171DF530002D488 /* Release */ = {
			isa = XCBuildConfiguration;
			baseConfigurationReference = 663DA27F1D0B2E7C836F5D6F /* Pods-GatewayForward.release.xcconfig */;
			buildSettings = {
				ASSETCATALOG_COMPILER_APPICON_NAME = AppIcon;
				CODE_SIGN_STYLE = Automatic;
				DEVELOPMENT_TEAM = ZDW74SHABR;
				INFOPLIST_FILE = GatewayForward/Info.plist;
				LD_RUNPATH_SEARCH_PATHS = (
					"$(inherited)",
					"@executable_path/Frameworks",
				);
				PRODUCT_BUNDLE_IDENTIFIER = com.wustl.GatewayForward;
				PRODUCT_NAME = "$(TARGET_NAME)";
				SWIFT_VERSION = 4.2;
				TARGETED_DEVICE_FAMILY = "1,2";
			};
			name = Release;
		};
		BD21FC662171DF530002D488 /* Debug */ = {
			isa = XCBuildConfiguration;
			baseConfigurationReference = E94DCEACD3408CA046C58D6D /* Pods-GatewayForwardTests.debug.xcconfig */;
			buildSettings = {
				ALWAYS_EMBED_SWIFT_STANDARD_LIBRARIES = YES;
				BUNDLE_LOADER = "$(TEST_HOST)";
				CODE_SIGN_STYLE = Automatic;
				DEVELOPMENT_TEAM = ZDW74SHABR;
				INFOPLIST_FILE = GatewayForwardTests/Info.plist;
				LD_RUNPATH_SEARCH_PATHS = (
					"$(inherited)",
					"@executable_path/Frameworks",
					"@loader_path/Frameworks",
				);
				PRODUCT_BUNDLE_IDENTIFIER = com.wustl.GatewayForwardTests;
				PRODUCT_NAME = "$(TARGET_NAME)";
				SWIFT_VERSION = 4.2;
				TARGETED_DEVICE_FAMILY = "1,2";
				TEST_HOST = "$(BUILT_PRODUCTS_DIR)/GatewayForward.app/GatewayForward";
			};
			name = Debug;
		};
		BD21FC672171DF530002D488 /* Release */ = {
			isa = XCBuildConfiguration;
			baseConfigurationReference = B54AD768424648C51FB088D5 /* Pods-GatewayForwardTests.release.xcconfig */;
			buildSettings = {
				ALWAYS_EMBED_SWIFT_STANDARD_LIBRARIES = YES;
				BUNDLE_LOADER = "$(TEST_HOST)";
				CODE_SIGN_STYLE = Automatic;
				DEVELOPMENT_TEAM = ZDW74SHABR;
				INFOPLIST_FILE = GatewayForwardTests/Info.plist;
				LD_RUNPATH_SEARCH_PATHS = (
					"$(inherited)",
					"@executable_path/Frameworks",
					"@loader_path/Frameworks",
				);
				PRODUCT_BUNDLE_IDENTIFIER = com.wustl.GatewayForwardTests;
				PRODUCT_NAME = "$(TARGET_NAME)";
				SWIFT_VERSION = 4.2;
				TARGETED_DEVICE_FAMILY = "1,2";
				TEST_HOST = "$(BUILT_PRODUCTS_DIR)/GatewayForward.app/GatewayForward";
			};
			name = Release;
		};
		BD21FC692171DF530002D488 /* Debug */ = {
			isa = XCBuildConfiguration;
			baseConfigurationReference = EF08EFF0230B964A07E71ED5 /* Pods-GatewayForwardUITests.debug.xcconfig */;
			buildSettings = {
				ALWAYS_EMBED_SWIFT_STANDARD_LIBRARIES = YES;
				CODE_SIGN_STYLE = Automatic;
				DEVELOPMENT_TEAM = ZDW74SHABR;
				INFOPLIST_FILE = GatewayForwardUITests/Info.plist;
				LD_RUNPATH_SEARCH_PATHS = (
					"$(inherited)",
					"@executable_path/Frameworks",
					"@loader_path/Frameworks",
				);
				PRODUCT_BUNDLE_IDENTIFIER = com.wustl.GatewayForwardUITests;
				PRODUCT_NAME = "$(TARGET_NAME)";
				SWIFT_VERSION = 4.2;
				TARGETED_DEVICE_FAMILY = "1,2";
				TEST_TARGET_NAME = GatewayForward;
			};
			name = Debug;
		};
		BD21FC6A2171DF530002D488 /* Release */ = {
			isa = XCBuildConfiguration;
			baseConfigurationReference = 3AB7EF8EC898A1B97EF42284 /* Pods-GatewayForwardUITests.release.xcconfig */;
			buildSettings = {
				ALWAYS_EMBED_SWIFT_STANDARD_LIBRARIES = YES;
				CODE_SIGN_STYLE = Automatic;
				DEVELOPMENT_TEAM = ZDW74SHABR;
				INFOPLIST_FILE = GatewayForwardUITests/Info.plist;
				LD_RUNPATH_SEARCH_PATHS = (
					"$(inherited)",
					"@executable_path/Frameworks",
					"@loader_path/Frameworks",
				);
				PRODUCT_BUNDLE_IDENTIFIER = com.wustl.GatewayForwardUITests;
				PRODUCT_NAME = "$(TARGET_NAME)";
				SWIFT_VERSION = 4.2;
				TARGETED_DEVICE_FAMILY = "1,2";
				TEST_TARGET_NAME = GatewayForward;
			};
			name = Release;
		};
/* End XCBuildConfiguration section */

/* Begin XCConfigurationList section */
		BD21FC352171DF3B0002D488 /* Build configuration list for PBXProject "GatewayForward" */ = {
			isa = XCConfigurationList;
			buildConfigurations = (
				BD21FC602171DF530002D488 /* Debug */,
				BD21FC612171DF530002D488 /* Release */,
			);
			defaultConfigurationIsVisible = 0;
			defaultConfigurationName = Release;
		};
		BD21FC622171DF530002D488 /* Build configuration list for PBXNativeTarget "GatewayForward" */ = {
			isa = XCConfigurationList;
			buildConfigurations = (
				BD21FC632171DF530002D488 /* Debug */,
				BD21FC642171DF530002D488 /* Release */,
			);
			defaultConfigurationIsVisible = 0;
			defaultConfigurationName = Release;
		};
		BD21FC652171DF530002D488 /* Build configuration list for PBXNativeTarget "GatewayForwardTests" */ = {
			isa = XCConfigurationList;
			buildConfigurations = (
				BD21FC662171DF530002D488 /* Debug */,
				BD21FC672171DF530002D488 /* Release */,
			);
			defaultConfigurationIsVisible = 0;
			defaultConfigurationName = Release;
		};
		BD21FC682171DF530002D488 /* Build configuration list for PBXNativeTarget "GatewayForwardUITests" */ = {
			isa = XCConfigurationList;
			buildConfigurations = (
				BD21FC692171DF530002D488 /* Debug */,
				BD21FC6A2171DF530002D488 /* Release */,
			);
			defaultConfigurationIsVisible = 0;
			defaultConfigurationName = Release;
		};
/* End XCConfigurationList section */
	};
	rootObject = BD21FC322171DF3B0002D488 /* Project object */;
}
